
Microsoft Visual Studio Solution File, Format Version 12.00
# Visual Studio Version 17
VisualStudioVersion = 17.5.33414.496
MinimumVisualStudioVersion = 10.0.40219.1
Project("{FAE04EC0-301F-11D3-BF4B-00C04F79EFBC}") = "SampleDotNetProject", "SampleDotNetProject\SampleDotNetProject.csproj", "{28E0C10C-27CA-4016-A73A-3FE97AC40355}"
EndProject
Global
	GlobalSection(SolutionConfigurationPlatforms) = preSolution
		Debug|Any CPU = Debug|Any CPU
		Release|Any CPU = Release|Any CPU
	EndGlobalSection
	GlobalSection(ProjectConfigurationPlatforms) = postSolution
		{28E0C10C-27CA-4016-A73A-3FE97AC40355}.Debug|Any CPU.ActiveCfg = Debug|Any CPU
		{28E0C10C-27CA-4016-A73A-3FE97AC40355}.Debug|Any CPU.Build.0 = Debug|Any CPU
		{28E0C10C-27CA-4016-A73A-3FE97AC40355}.Release|Any CPU.ActiveCfg = Release|Any CPU
		{28E0C10C-27CA-4016-A73A-3FE97AC40355}.Release|Any CPU.Build.0 = Release|Any CPU
	EndGlobalSection
	GlobalSection(SolutionProperties) = preSolution
		HideSolutionNode = FALSE
	EndGlobalSection
	GlobalSection(ExtensibilityGlobals) = postSolution
		SolutionGuid = {33D9600C-9E41-4A46-AF74-5C36138CAC22}
	EndGlobalSection
EndGlobal
